<?xml version="1.0" encoding="utf-8"?>
<Project ToolsVersion="4.0" xmlns="http://schemas.microsoft.com/developer/msbuild/2003">
  <ItemGroup>
    <Filter Include="Source Files">
      <UniqueIdentifier>{4FC737F1-C7A5-4376-A066-2A32D752A2FF}</UniqueIdentifier>
      <Extensions>cpp;c;cc;cxx;c++;cppm;ixx;def;odl;idl;hpj;bat;asm;asmx</Extensions>
    </Filter>
    <Filter Include="Header Files">
      <UniqueIdentifier>{93995380-89BD-4b04-88EB-625FBE52EBFB}</UniqueIdentifier>
      <Extensions>h;hh;hpp;hxx;h++;hm;inl;inc;ipp;xsd</Extensions>
    </Filter>
    <Filter Include="Resource Files">
      <UniqueIdentifier>{67DA6AB6-F800-4c08-8B7A-83BB121AAD01}</UniqueIdentifier>
      <Extensions>rc;ico;cur;bmp;dlg;rc2;rct;bin;rgs;gif;jpg;jpeg;jpe;resx;tiff;tif;png;wav;mfcribbon-ms</Extensions>
    </Filter>
  </ItemGroup>
  <ItemGroup>
    <ClCompile Include="test55.cpp">
      <Filter>Source Files</Filter>
    </ClCompile>
    <ClCompile Include="SDL2_framerate.c">
      <Filter>Source Files</Filter>
    </ClCompile>
    <ClCompile Include="SDL2_imageFilter.c">
      <Filter>Source Files</Filter>
    </ClCompile>
    <ClCompile Include="Camera.cpp">
      <Filter>Source Files</Filter>
    </ClCompile>
    <ClCompile Include="GameObject.cpp">
      <Filter>Source Files</Filter>
    </ClCompile>
    <ClCompile Include="Material.cpp">
      <Filter>Source Files</Filter>
    </ClCompile>
    <ClCompile Include="Matrix3x3.cpp">
      <Filter>Source Files</Filter>
    </ClCompile>
    <ClCompile Include="Mesh.cpp">
      <Filter>Source Files</Filter>
    </ClCompile>
    <ClCompile Include="Program.cpp">
      <Filter>Source Files</Filter>
    </ClCompile>
    <ClCompile Include="Surface.cpp">
      <Filter>Source Files</Filter>
    </ClCompile>
    <ClCompile Include="Transform.cpp">
      <Filter>Source Files</Filter>
    </ClCompile>
    <ClCompile Include="Triangle2D.cpp">
      <Filter>Source Files</Filter>
    </ClCompile>
    <ClCompile Include="Triangle3D.cpp">
      <Filter>Source Files</Filter>
    </ClCompile>
    <ClCompile Include="Vector2D.cpp">
      <Filter>Source Files</Filter>
    </ClCompile>
    <ClCompile Include="Vector3D.cpp">
      <Filter>Source Files</Filter>
    </ClCompile>
    <ClCompile Include="Line.cpp">
      <Filter>Source Files</Filter>
    </ClCompile>
    <ClCompile Include="InputHandler.cpp">
      <Filter>Source Files</Filter>
    </ClCompile>
    <ClCompile Include="ResourceLoader.cpp">
      <Filter>Source Files</Filter>
    </ClCompile>
    <ClCompile Include="load.c">
      <Filter>Source Files</Filter>
    </ClCompile>
    <ClCompile Include="Line2D.cpp">
      <Filter>Source Files</Filter>
    </ClCompile>
  </ItemGroup>
  <ItemGroup>
    <ClInclude Include="Camera.h">
      <Filter>Source Files</Filter>
    </ClInclude>
    <ClInclude Include="Console.h">
      <Filter>Source Files</Filter>
    </ClInclude>
    <ClInclude Include="GameObject.h">
      <Filter>Source Files</Filter>
    </ClInclude>
    <ClInclude Include="InputHandler.h">
      <Filter>Source Files</Filter>
    </ClInclude>
    <ClInclude Include="Line.h">
      <Filter>Source Files</Filter>
    </ClInclude>
    <ClInclude Include="Material.h">
      <Filter>Source Files</Filter>
    </ClInclude>
    <ClInclude Include="Matrix3x3.h">
      <Filter>Source Files</Filter>
    </ClInclude>
    <ClInclude Include="Mesh.h">
      <Filter>Source Files</Filter>
    </ClInclude>
    <ClInclude Include="Program.h">
      <Filter>Source Files</Filter>
    </ClInclude>
    <ClInclude Include="SDL2_framerate.h">
      <Filter>Source Files</Filter>
    </ClInclude>
    <ClInclude Include="SDL2_gfxPrimitives.h">
      <Filter>Source Files</Filter>
    </ClInclude>
    <ClInclude Include="SDL2_gfxPrimitives_font.h">
      <Filter>Source Files</Filter>
    </ClInclude>
    <ClInclude Include="SDL2_imageFilter.h">
      <Filter>Source Files</Filter>
    </ClInclude>
    <ClInclude Include="SDL2_rotozoom.h">
      <Filter>Source Files</Filter>
    </ClInclude>
    <ClInclude Include="Surface.h">
      <Filter>Source Files</Filter>
    </ClInclude>
    <ClInclude Include="Transform.h">
      <Filter>Source Files</Filter>
    </ClInclude>
    <ClInclude Include="Triangle2D.h">
      <Filter>Source Files</Filter>
    </ClInclude>
    <ClInclude Include="Triangle3D.h">
      <Filter>Source Files</Filter>
    </ClInclude>
    <ClInclude Include="Vector2D.h">
      <Filter>Source Files</Filter>
    </ClInclude>
    <ClInclude Include="Vector3D.h">
      <Filter>Source Files</Filter>
    </ClInclude>
    <ClInclude Include="ResourceLoader.h">
      <Filter>Source Files</Filter>
    </ClInclude>
    <ClInclude Include="dirent.h">
      <Filter>Source Files</Filter>
    </ClInclude>
    <ClInclude Include="load.h">
      <Filter>Source Files</Filter>
    </ClInclude>
    <ClInclude Include="Line2D.h">
      <Filter>Source Files</Filter>
    </ClInclude>
    <ClInclude Include="Light.h">
      <Filter>Source Files</Filter>
    </ClInclude>
    <ClInclude Include="Color.h">
      <Filter>Source Files</Filter>
    </ClInclude>
  </ItemGroup>
</Project>